
Microsoft Visual Studio Solution File, Format Version 12.00
# Visual Studio 15
VisualStudioVersion = 15.0.26124.0
MinimumVisualStudioVersion = 15.0.26124.0
Project("{FAE04EC0-301F-11D3-BF4B-00C04F79EFBC}") = "API", "API\API.csproj", "{227640BC-27A9-416B-AD3D-575C9EF09FC8}"
EndProject
Project("{FAE04EC0-301F-11D3-BF4B-00C04F79EFBC}") = "DataAccessLayer", "DataAccessLayer\DataAccessLayer.csproj", "{20DDDC00-83C5-4515-A798-7B89F1157461}"
EndProject
Project("{FAE04EC0-301F-11D3-BF4B-00C04F79EFBC}") = "DomainLayer", "DomainLayer\DomainLayer.csproj", "{16B26A1D-5BDD-4069-B514-6635A1B628E2}"
EndProject
Project("{FAE04EC0-301F-11D3-BF4B-00C04F79EFBC}") = "WebLayer", "WebLayer\WebLayer.csproj", "{C0A29FA1-53D7-48F7-BBA1-936BFC9D111C}"
EndProject
Project("{FAE04EC0-301F-11D3-BF4B-00C04F79EFBC}") = "StartUp", "StartUp\StartUp.csproj", "{D331A953-EB88-461E-AF57-9F94AEB2576E}"
EndProject
Project("{FAE04EC0-301F-11D3-BF4B-00C04F79EFBC}") = "ApplicationLayer", "ApplicationLayer\ApplicationLayer.csproj", "{6B147B69-0EB2-4898-976C-0B3CF1A39DF7}"
EndProject
Project("{FAE04EC0-301F-11D3-BF4B-00C04F79EFBC}") = "InfrastructureLayer", "InfrastructureLayer\InfrastructureLayer.csproj", "{C00F59BB-C17E-4572-AE32-878B8619CD59}"
EndProject
Global
	GlobalSection(SolutionConfigurationPlatforms) = preSolution
		Debug|Any CPU = Debug|Any CPU
		Debug|x64 = Debug|x64
		Debug|x86 = Debug|x86
		Release|Any CPU = Release|Any CPU
		Release|x64 = Release|x64
		Release|x86 = Release|x86
	EndGlobalSection
	GlobalSection(SolutionProperties) = preSolution
		HideSolutionNode = FALSE
	EndGlobalSection
	GlobalSection(ProjectConfigurationPlatforms) = postSolution
		{227640BC-27A9-416B-AD3D-575C9EF09FC8}.Debug|Any CPU.ActiveCfg = Debug|Any CPU
		{227640BC-27A9-416B-AD3D-575C9EF09FC8}.Debug|Any CPU.Build.0 = Debug|Any CPU
		{227640BC-27A9-416B-AD3D-575C9EF09FC8}.Debug|x64.ActiveCfg = Debug|Any CPU
		{227640BC-27A9-416B-AD3D-575C9EF09FC8}.Debug|x64.Build.0 = Debug|Any CPU
		{227640BC-27A9-416B-AD3D-575C9EF09FC8}.Debug|x86.ActiveCfg = Debug|Any CPU
		{227640BC-27A9-416B-AD3D-575C9EF09FC8}.Debug|x86.Build.0 = Debug|Any CPU
		{227640BC-27A9-416B-AD3D-575C9EF09FC8}.Release|Any CPU.ActiveCfg = Release|Any CPU
		{227640BC-27A9-416B-AD3D-575C9EF09FC8}.Release|Any CPU.Build.0 = Release|Any CPU
		{227640BC-27A9-416B-AD3D-575C9EF09FC8}.Release|x64.ActiveCfg = Release|Any CPU
		{227640BC-27A9-416B-AD3D-575C9EF09FC8}.Release|x64.Build.0 = Release|Any CPU
		{227640BC-27A9-416B-AD3D-575C9EF09FC8}.Release|x86.ActiveCfg = Release|Any CPU
		{227640BC-27A9-416B-AD3D-575C9EF09FC8}.Release|x86.Build.0 = Release|Any CPU
		{20DDDC00-83C5-4515-A798-7B89F1157461}.Debug|Any CPU.ActiveCfg = Debug|Any CPU
		{20DDDC00-83C5-4515-A798-7B89F1157461}.Debug|Any CPU.Build.0 = Debug|Any CPU
		{20DDDC00-83C5-4515-A798-7B89F1157461}.Debug|x64.ActiveCfg = Debug|Any CPU
		{20DDDC00-83C5-4515-A798-7B89F1157461}.Debug|x64.Build.0 = Debug|Any CPU
		{20DDDC00-83C5-4515-A798-7B89F1157461}.Debug|x86.ActiveCfg = Debug|Any CPU
		{20DDDC00-83C5-4515-A798-7B89F1157461}.Debug|x86.Build.0 = Debug|Any CPU
		{20DDDC00-83C5-4515-A798-7B89F1157461}.Release|Any CPU.ActiveCfg = Release|Any CPU
		{20DDDC00-83C5-4515-A798-7B89F1157461}.Release|Any CPU.Build.0 = Release|Any CPU
		{20DDDC00-83C5-4515-A798-7B89F1157461}.Release|x64.ActiveCfg = Release|Any CPU
		{20DDDC00-83C5-4515-A798-7B89F1157461}.Release|x64.Build.0 = Release|Any CPU
		{20DDDC00-83C5-4515-A798-7B89F1157461}.Release|x86.ActiveCfg = Release|Any CPU
		{20DDDC00-83C5-4515-A798-7B89F1157461}.Release|x86.Build.0 = Release|Any CPU
		{16B26A1D-5BDD-4069-B514-6635A1B628E2}.Debug|Any CPU.ActiveCfg = Debug|Any CPU
		{16B26A1D-5BDD-4069-B514-6635A1B628E2}.Debug|Any CPU.Build.0 = Debug|Any CPU
		{16B26A1D-5BDD-4069-B514-6635A1B628E2}.Debug|x64.ActiveCfg = Debug|Any CPU
		{16B26A1D-5BDD-4069-B514-6635A1B628E2}.Debug|x64.Build.0 = Debug|Any CPU
		{16B26A1D-5BDD-4069-B514-6635A1B628E2}.Debug|x86.ActiveCfg = Debug|Any CPU
		{16B26A1D-5BDD-4069-B514-6635A1B628E2}.Debug|x86.Build.0 = Debug|Any CPU
		{16B26A1D-5BDD-4069-B514-6635A1B628E2}.Release|Any CPU.ActiveCfg = Release|Any CPU
		{16B26A1D-5BDD-4069-B514-6635A1B628E2}.Release|Any CPU.Build.0 = Release|Any CPU
		{16B26A1D-5BDD-4069-B514-6635A1B628E2}.Release|x64.ActiveCfg = Release|Any CPU
		{16B26A1D-5BDD-4069-B514-6635A1B628E2}.Release|x64.Build.0 = Release|Any CPU
		{16B26A1D-5BDD-4069-B514-6635A1B628E2}.Release|x86.ActiveCfg = Release|Any CPU
		{16B26A1D-5BDD-4069-B514-6635A1B628E2}.Release|x86.Build.0 = Release|Any CPU
		{C0A29FA1-53D7-48F7-BBA1-936BFC9D111C}.Debug|Any CPU.ActiveCfg = Debug|Any CPU
		{C0A29FA1-53D7-48F7-BBA1-936BFC9D111C}.Debug|Any CPU.Build.0 = Debug|Any CPU
		{C0A29FA1-53D7-48F7-BBA1-936BFC9D111C}.Debug|x64.ActiveCfg = Debug|Any CPU
		{C0A29FA1-53D7-48F7-BBA1-936BFC9D111C}.Debug|x64.Build.0 = Debug|Any CPU
		{C0A29FA1-53D7-48F7-BBA1-936BFC9D111C}.Debug|x86.ActiveCfg = Debug|Any CPU
		{C0A29FA1-53D7-48F7-BBA1-936BFC9D111C}.Debug|x86.Build.0 = Debug|Any CPU
		{C0A29FA1-53D7-48F7-BBA1-936BFC9D111C}.Release|Any CPU.ActiveCfg = Release|Any CPU
		{C0A29FA1-53D7-48F7-BBA1-936BFC9D111C}.Release|Any CPU.Build.0 = Release|Any CPU
		{C0A29FA1-53D7-48F7-BBA1-936BFC9D111C}.Release|x64.ActiveCfg = Release|Any CPU
		{C0A29FA1-53D7-48F7-BBA1-936BFC9D111C}.Release|x64.Build.0 = Release|Any CPU
		{C0A29FA1-53D7-48F7-BBA1-936BFC9D111C}.Release|x86.ActiveCfg = Release|Any CPU
		{C0A29FA1-53D7-48F7-BBA1-936BFC9D111C}.Release|x86.Build.0 = Release|Any CPU
		{D331A953-EB88-461E-AF57-9F94AEB2576E}.Debug|Any CPU.ActiveCfg = Debug|Any CPU
		{D331A953-EB88-461E-AF57-9F94AEB2576E}.Debug|Any CPU.Build.0 = Debug|Any CPU
		{D331A953-EB88-461E-AF57-9F94AEB2576E}.Debug|x64.ActiveCfg = Debug|Any CPU
		{D331A953-EB88-461E-AF57-9F94AEB2576E}.Debug|x64.Build.0 = Debug|Any CPU
		{D331A953-EB88-461E-AF57-9F94AEB2576E}.Debug|x86.ActiveCfg = Debug|Any CPU
		{D331A953-EB88-461E-AF57-9F94AEB2576E}.Debug|x86.Build.0 = Debug|Any CPU
		{D331A953-EB88-461E-AF57-9F94AEB2576E}.Release|Any CPU.ActiveCfg = Release|Any CPU
		{D331A953-EB88-461E-AF57-9F94AEB2576E}.Release|Any CPU.Build.0 = Release|Any CPU
		{D331A953-EB88-461E-AF57-9F94AEB2576E}.Release|x64.ActiveCfg = Release|Any CPU
		{D331A953-EB88-461E-AF57-9F94AEB2576E}.Release|x64.Build.0 = Release|Any CPU
		{D331A953-EB88-461E-AF57-9F94AEB2576E}.Release|x86.ActiveCfg = Release|Any CPU
		{D331A953-EB88-461E-AF57-9F94AEB2576E}.Release|x86.Build.0 = Release|Any CPU
		{6B147B69-0EB2-4898-976C-0B3CF1A39DF7}.Debug|Any CPU.ActiveCfg = Debug|Any CPU
		{6B147B69-0EB2-4898-976C-0B3CF1A39DF7}.Debug|Any CPU.Build.0 = Debug|Any CPU
		{6B147B69-0EB2-4898-976C-0B3CF1A39DF7}.Debug|x64.ActiveCfg = Debug|Any CPU
		{6B147B69-0EB2-4898-976C-0B3CF1A39DF7}.Debug|x64.Build.0 = Debug|Any CPU
		{6B147B69-0EB2-4898-976C-0B3CF1A39DF7}.Debug|x86.ActiveCfg = Debug|Any CPU
		{6B147B69-0EB2-4898-976C-0B3CF1A39DF7}.Debug|x86.Build.0 = Debug|Any CPU
		{6B147B69-0EB2-4898-976C-0B3CF1A39DF7}.Release|Any CPU.ActiveCfg = Release|Any CPU
		{6B147B69-0EB2-4898-976C-0B3CF1A39DF7}.Release|Any CPU.Build.0 = Release|Any CPU
		{6B147B69-0EB2-4898-976C-0B3CF1A39DF7}.Release|x64.ActiveCfg = Release|Any CPU
		{6B147B69-0EB2-4898-976C-0B3CF1A39DF7}.Release|x64.Build.0 = Release|Any CPU
		{6B147B69-0EB2-4898-976C-0B3CF1A39DF7}.Release|x86.ActiveCfg = Release|Any CPU
		{6B147B69-0EB2-4898-976C-0B3CF1A39DF7}.Release|x86.Build.0 = Release|Any CPU
		{C00F59BB-C17E-4572-AE32-878B8619CD59}.Debug|Any CPU.ActiveCfg = Debug|Any CPU
		{C00F59BB-C17E-4572-AE32-878B8619CD59}.Debug|Any CPU.Build.0 = Debug|Any CPU
		{C00F59BB-C17E-4572-AE32-878B8619CD59}.Debug|x64.ActiveCfg = Debug|Any CPU
		{C00F59BB-C17E-4572-AE32-878B8619CD59}.Debug|x64.Build.0 = Debug|Any CPU
		{C00F59BB-C17E-4572-AE32-878B8619CD59}.Debug|x86.ActiveCfg = Debug|Any CPU
		{C00F59BB-C17E-4572-AE32-878B8619CD59}.Debug|x86.Build.0 = Debug|Any CPU
		{C00F59BB-C17E-4572-AE32-878B8619CD59}.Release|Any CPU.ActiveCfg = Release|Any CPU
		{C00F59BB-C17E-4572-AE32-878B8619CD59}.Release|Any CPU.Build.0 = Release|Any CPU
		{C00F59BB-C17E-4572-AE32-878B8619CD59}.Release|x64.ActiveCfg = Release|Any CPU
		{C00F59BB-C17E-4572-AE32-878B8619CD59}.Release|x64.Build.0 = Release|Any CPU
		{C00F59BB-C17E-4572-AE32-878B8619CD59}.Release|x86.ActiveCfg = Release|Any CPU
		{C00F59BB-C17E-4572-AE32-878B8619CD59}.Release|x86.Build.0 = Release|Any CPU
	EndGlobalSection
EndGlobal
